// !$*UTF8*$!
{
	archiveVersion = 1;
	classes = {
	};
	objectVersion = 56;
	objects = {

/* Begin PBXBuildFile section */
		93556FC02A8A590B00634D2F /* AppDelegate.swift in Sources */ = {isa = PBXBuildFile; fileRef = 93556FBF2A8A590B00634D2F /* AppDelegate.swift */; };
		93556FC22A8A590B00634D2F /* SceneDelegate.swift in Sources */ = {isa = PBXBuildFile; fileRef = 93556FC12A8A590B00634D2F /* SceneDelegate.swift */; };
		93556FC92A8A590C00634D2F /* Assets.xcassets in Resources */ = {isa = PBXBuildFile; fileRef = 93556FC82A8A590C00634D2F /* Assets.xcassets */; };
		93556FCC2A8A590C00634D2F /* LaunchScreen.storyboard in Resources */ = {isa = PBXBuildFile; fileRef = 93556FCA2A8A590C00634D2F /* LaunchScreen.storyboard */; };
		93556FD72A8A590C00634D2F /* JHGithubClientTests.swift in Sources */ = {isa = PBXBuildFile; fileRef = 93556FD62A8A590C00634D2F /* JHGithubClientTests.swift */; };
		93556FE12A8A590C00634D2F /* JHGithubClientUITests.swift in Sources */ = {isa = PBXBuildFile; fileRef = 93556FE02A8A590C00634D2F /* JHGithubClientUITests.swift */; };
		93556FE32A8A590C00634D2F /* JHGithubClientUITestsLaunchTests.swift in Sources */ = {isa = PBXBuildFile; fileRef = 93556FE22A8A590C00634D2F /* JHGithubClientUITestsLaunchTests.swift */; };
		93556FF42A8B4DC600634D2F /* Store.swift in Sources */ = {isa = PBXBuildFile; fileRef = 93556FF32A8B4DC600634D2F /* Store.swift */; };
		93556FF62A8B4E1300634D2F /* AppState.swift in Sources */ = {isa = PBXBuildFile; fileRef = 93556FF52A8B4E1300634D2F /* AppState.swift */; };
		93556FF82A8B501E00634D2F /* User.swift in Sources */ = {isa = PBXBuildFile; fileRef = 93556FF72A8B501E00634D2F /* User.swift */; };
		93556FFA2A8B505900634D2F /* GitHubUser.swift in Sources */ = {isa = PBXBuildFile; fileRef = 93556FF92A8B505900634D2F /* GitHubUser.swift */; };
		93556FFD2A8B662A00634D2F /* GitHubUserList.swift in Sources */ = {isa = PBXBuildFile; fileRef = 93556FFC2A8B662A00634D2F /* GitHubUserList.swift */; };
		93556FFF2A8B6EF200634D2F /* LoadUserListRequest.swift in Sources */ = {isa = PBXBuildFile; fileRef = 93556FFE2A8B6EF200634D2F /* LoadUserListRequest.swift */; };
		935570022A8B71C500634D2F /* Helpers.swift in Sources */ = {isa = PBXBuildFile; fileRef = 935570012A8B71C500634D2F /* Helpers.swift */; };
		935570042A8B726000634D2F /* JLGithubClientListUserTest.swift in Sources */ = {isa = PBXBuildFile; fileRef = 935570032A8B726000634D2F /* JLGithubClientListUserTest.swift */; };
		935570082A8B98F800634D2F /* RootTab.swift in Sources */ = {isa = PBXBuildFile; fileRef = 935570072A8B98F800634D2F /* RootTab.swift */; };
		937B50562A8BA52900667D5E /* LoginView.swift in Sources */ = {isa = PBXBuildFile; fileRef = 937B50552A8BA52900667D5E /* LoginView.swift */; };
		937B50582A8BB1AF00667D5E /* RootView.swift in Sources */ = {isa = PBXBuildFile; fileRef = 937B50572A8BB1AF00667D5E /* RootView.swift */; };
		937B505A2A8BB3C000667D5E /* AppAction.swift in Sources */ = {isa = PBXBuildFile; fileRef = 937B50592A8BB3C000667D5E /* AppAction.swift */; };
		937B505D2A8CB35000667D5E /* UsersView.swift in Sources */ = {isa = PBXBuildFile; fileRef = 937B505C2A8CB35000667D5E /* UsersView.swift */; };
		937B505F2A8CB36400667D5E /* MeView.swift in Sources */ = {isa = PBXBuildFile; fileRef = 937B505E2A8CB36400667D5E /* MeView.swift */; };
		937B50612A8CBA1600667D5E /* AppCommand.swift in Sources */ = {isa = PBXBuildFile; fileRef = 937B50602A8CBA1600667D5E /* AppCommand.swift */; };
		937B50632A8CBC1F00667D5E /* AppError.swift in Sources */ = {isa = PBXBuildFile; fileRef = 937B50622A8CBC1F00667D5E /* AppError.swift */; };
		937B50652A8CBF5D00667D5E /* LoadingView.swift in Sources */ = {isa = PBXBuildFile; fileRef = 937B50642A8CBF5D00667D5E /* LoadingView.swift */; };
		937B50682A8CD35600667D5E /* Kingfisher in Frameworks */ = {isa = PBXBuildFile; productRef = 937B50672A8CD35600667D5E /* Kingfisher */; };
		937B506A2A8CD3CC00667D5E /* UserList.swift in Sources */ = {isa = PBXBuildFile; fileRef = 937B50692A8CD3CC00667D5E /* UserList.swift */; };
		93B08A3A2A8DF8D400EE5856 /* GitHubUserViewModel.swift in Sources */ = {isa = PBXBuildFile; fileRef = 93B08A392A8DF8D400EE5856 /* GitHubUserViewModel.swift */; };
		93B08A3C2A8DFA8400EE5856 /* GitHubRepo.swift in Sources */ = {isa = PBXBuildFile; fileRef = 93B08A3B2A8DFA8400EE5856 /* GitHubRepo.swift */; };
		93B08A402A8E09CD00EE5856 /* UserCell.swift in Sources */ = {isa = PBXBuildFile; fileRef = 93B08A3F2A8E09CD00EE5856 /* UserCell.swift */; };
		93B08A422A8E459300EE5856 /* UserDetail.swift in Sources */ = {isa = PBXBuildFile; fileRef = 93B08A412A8E459300EE5856 /* UserDetail.swift */; };
		93B08A442A8E5FD400EE5856 /* LoadUserDetailRequest.swift in Sources */ = {isa = PBXBuildFile; fileRef = 93B08A432A8E5FD400EE5856 /* LoadUserDetailRequest.swift */; };
		93B08A472A8E6D7D00EE5856 /* AvatartCard.swift in Sources */ = {isa = PBXBuildFile; fileRef = 93B08A462A8E6D7D00EE5856 /* AvatartCard.swift */; };
		93B08A492A8E6EE200EE5856 /* UserInfoCard.swift in Sources */ = {isa = PBXBuildFile; fileRef = 93B08A482A8E6EE200EE5856 /* UserInfoCard.swift */; };
		93B08A4B2A8E6F1C00EE5856 /* RepoCell.swift in Sources */ = {isa = PBXBuildFile; fileRef = 93B08A4A2A8E6F1C00EE5856 /* RepoCell.swift */; };
		93B08A4D2A8F056D00EE5856 /* WebSafariView.swift in Sources */ = {isa = PBXBuildFile; fileRef = 93B08A4C2A8F056D00EE5856 /* WebSafariView.swift */; };
/* End PBXBuildFile section */

/* Begin PBXContainerItemProxy section */
		93556FD32A8A590C00634D2F /* PBXContainerItemProxy */ = {
			isa = PBXContainerItemProxy;
			containerPortal = 93556FB42A8A590B00634D2F /* Project object */;
			proxyType = 1;
			remoteGlobalIDString = 93556FBB2A8A590B00634D2F;
			remoteInfo = JHGithubClient;
		};
		93556FDD2A8A590C00634D2F /* PBXContainerItemProxy */ = {
			isa = PBXContainerItemProxy;
			containerPortal = 93556FB42A8A590B00634D2F /* Project object */;
			proxyType = 1;
			remoteGlobalIDString = 93556FBB2A8A590B00634D2F;
			remoteInfo = JHGithubClient;
		};
/* End PBXContainerItemProxy section */

/* Begin PBXFileReference section */
		93556FBC2A8A590B00634D2F /* JHGithubClient.app */ = {isa = PBXFileReference; explicitFileType = wrapper.application; includeInIndex = 0; path = JHGithubClient.app; sourceTree = BUILT_PRODUCTS_DIR; };
		93556FBF2A8A590B00634D2F /* AppDelegate.swift */ = {isa = PBXFileReference; lastKnownFileType = sourcecode.swift; path = AppDelegate.swift; sourceTree = "<group>"; };
		93556FC12A8A590B00634D2F /* SceneDelegate.swift */ = {isa = PBXFileReference; lastKnownFileType = sourcecode.swift; path = SceneDelegate.swift; sourceTree = "<group>"; };
		93556FC82A8A590C00634D2F /* Assets.xcassets */ = {isa = PBXFileReference; lastKnownFileType = folder.assetcatalog; path = Assets.xcassets; sourceTree = "<group>"; };
		93556FCB2A8A590C00634D2F /* Base */ = {isa = PBXFileReference; lastKnownFileType = file.storyboard; name = Base; path = Base.lproj/LaunchScreen.storyboard; sourceTree = "<group>"; };
		93556FCD2A8A590C00634D2F /* Info.plist */ = {isa = PBXFileReference; lastKnownFileType = text.plist.xml; path = Info.plist; sourceTree = "<group>"; };
		93556FD22A8A590C00634D2F /* JHGithubClientTests.xctest */ = {isa = PBXFileReference; explicitFileType = wrapper.cfbundle; includeInIndex = 0; path = JHGithubClientTests.xctest; sourceTree = BUILT_PRODUCTS_DIR; };
		93556FD62A8A590C00634D2F /* JHGithubClientTests.swift */ = {isa = PBXFileReference; lastKnownFileType = sourcecode.swift; path = JHGithubClientTests.swift; sourceTree = "<group>"; };
		93556FDC2A8A590C00634D2F /* JHGithubClientUITests.xctest */ = {isa = PBXFileReference; explicitFileType = wrapper.cfbundle; includeInIndex = 0; path = JHGithubClientUITests.xctest; sourceTree = BUILT_PRODUCTS_DIR; };
		93556FE02A8A590C00634D2F /* JHGithubClientUITests.swift */ = {isa = PBXFileReference; lastKnownFileType = sourcecode.swift; path = JHGithubClientUITests.swift; sourceTree = "<group>"; };
		93556FE22A8A590C00634D2F /* JHGithubClientUITestsLaunchTests.swift */ = {isa = PBXFileReference; lastKnownFileType = sourcecode.swift; path = JHGithubClientUITestsLaunchTests.swift; sourceTree = "<group>"; };
		93556FF32A8B4DC600634D2F /* Store.swift */ = {isa = PBXFileReference; lastKnownFileType = sourcecode.swift; path = Store.swift; sourceTree = "<group>"; };
		93556FF52A8B4E1300634D2F /* AppState.swift */ = {isa = PBXFileReference; lastKnownFileType = sourcecode.swift; path = AppState.swift; sourceTree = "<group>"; };
		93556FF72A8B501E00634D2F /* User.swift */ = {isa = PBXFileReference; lastKnownFileType = sourcecode.swift; path = User.swift; sourceTree = "<group>"; };
		93556FF92A8B505900634D2F /* GitHubUser.swift */ = {isa = PBXFileReference; lastKnownFileType = sourcecode.swift; path = GitHubUser.swift; sourceTree = "<group>"; };
		93556FFC2A8B662A00634D2F /* GitHubUserList.swift */ = {isa = PBXFileReference; lastKnownFileType = sourcecode.swift; path = GitHubUserList.swift; sourceTree = "<group>"; };
		93556FFE2A8B6EF200634D2F /* LoadUserListRequest.swift */ = {isa = PBXFileReference; lastKnownFileType = sourcecode.swift; path = LoadUserListRequest.swift; sourceTree = "<group>"; };
		935570012A8B71C500634D2F /* Helpers.swift */ = {isa = PBXFileReference; lastKnownFileType = sourcecode.swift; path = Helpers.swift; sourceTree = "<group>"; };
		935570032A8B726000634D2F /* JLGithubClientListUserTest.swift */ = {isa = PBXFileReference; lastKnownFileType = sourcecode.swift; path = JLGithubClientListUserTest.swift; sourceTree = "<group>"; };
		935570072A8B98F800634D2F /* RootTab.swift */ = {isa = PBXFileReference; lastKnownFileType = sourcecode.swift; path = RootTab.swift; sourceTree = "<group>"; };
		937B50552A8BA52900667D5E /* LoginView.swift */ = {isa = PBXFileReference; lastKnownFileType = sourcecode.swift; path = LoginView.swift; sourceTree = "<group>"; };
		937B50572A8BB1AF00667D5E /* RootView.swift */ = {isa = PBXFileReference; lastKnownFileType = sourcecode.swift; path = RootView.swift; sourceTree = "<group>"; };
		937B50592A8BB3C000667D5E /* AppAction.swift */ = {isa = PBXFileReference; lastKnownFileType = sourcecode.swift; path = AppAction.swift; sourceTree = "<group>"; };
		937B505C2A8CB35000667D5E /* UsersView.swift */ = {isa = PBXFileReference; lastKnownFileType = sourcecode.swift; path = UsersView.swift; sourceTree = "<group>"; };
		937B505E2A8CB36400667D5E /* MeView.swift */ = {isa = PBXFileReference; lastKnownFileType = sourcecode.swift; path = MeView.swift; sourceTree = "<group>"; };
		937B50602A8CBA1600667D5E /* AppCommand.swift */ = {isa = PBXFileReference; lastKnownFileType = sourcecode.swift; path = AppCommand.swift; sourceTree = "<group>"; };
		937B50622A8CBC1F00667D5E /* AppError.swift */ = {isa = PBXFileReference; lastKnownFileType = sourcecode.swift; path = AppError.swift; sourceTree = "<group>"; };
		937B50642A8CBF5D00667D5E /* LoadingView.swift */ = {isa = PBXFileReference; lastKnownFileType = sourcecode.swift; path = LoadingView.swift; sourceTree = "<group>"; };
		937B50692A8CD3CC00667D5E /* UserList.swift */ = {isa = PBXFileReference; lastKnownFileType = sourcecode.swift; path = UserList.swift; sourceTree = "<group>"; };
		93B08A392A8DF8D400EE5856 /* GitHubUserViewModel.swift */ = {isa = PBXFileReference; lastKnownFileType = sourcecode.swift; path = GitHubUserViewModel.swift; sourceTree = "<group>"; };
		93B08A3B2A8DFA8400EE5856 /* GitHubRepo.swift */ = {isa = PBXFileReference; lastKnownFileType = sourcecode.swift; path = GitHubRepo.swift; sourceTree = "<group>"; };
		93B08A3F2A8E09CD00EE5856 /* UserCell.swift */ = {isa = PBXFileReference; lastKnownFileType = sourcecode.swift; path = UserCell.swift; sourceTree = "<group>"; };
		93B08A412A8E459300EE5856 /* UserDetail.swift */ = {isa = PBXFileReference; lastKnownFileType = sourcecode.swift; path = UserDetail.swift; sourceTree = "<group>"; };
		93B08A432A8E5FD400EE5856 /* LoadUserDetailRequest.swift */ = {isa = PBXFileReference; lastKnownFileType = sourcecode.swift; path = LoadUserDetailRequest.swift; sourceTree = "<group>"; };
		93B08A462A8E6D7D00EE5856 /* AvatartCard.swift */ = {isa = PBXFileReference; lastKnownFileType = sourcecode.swift; path = AvatartCard.swift; sourceTree = "<group>"; };
		93B08A482A8E6EE200EE5856 /* UserInfoCard.swift */ = {isa = PBXFileReference; lastKnownFileType = sourcecode.swift; path = UserInfoCard.swift; sourceTree = "<group>"; };
		93B08A4A2A8E6F1C00EE5856 /* RepoCell.swift */ = {isa = PBXFileReference; lastKnownFileType = sourcecode.swift; path = RepoCell.swift; sourceTree = "<group>"; };
		93B08A4C2A8F056D00EE5856 /* WebSafariView.swift */ = {isa = PBXFileReference; lastKnownFileType = sourcecode.swift; path = WebSafariView.swift; sourceTree = "<group>"; };
/* End PBXFileReference section */

/* Begin PBXFrameworksBuildPhase section */
		93556FB92A8A590B00634D2F /* Frameworks */ = {
			isa = PBXFrameworksBuildPhase;
			buildActionMask = 2147483647;
			files = (
				937B50682A8CD35600667D5E /* Kingfisher in Frameworks */,
			);
			runOnlyForDeploymentPostprocessing = 0;
		};
		93556FCF2A8A590C00634D2F /* Frameworks */ = {
			isa = PBXFrameworksBuildPhase;
			buildActionMask = 2147483647;
			files = (
			);
			runOnlyForDeploymentPostprocessing = 0;
		};
		93556FD92A8A590C00634D2F /* Frameworks */ = {
			isa = PBXFrameworksBuildPhase;
			buildActionMask = 2147483647;
			files = (
			);
			runOnlyForDeploymentPostprocessing = 0;
		};
/* End PBXFrameworksBuildPhase section */

/* Begin PBXGroup section */
		93556FB32A8A590B00634D2F = {
			isa = PBXGroup;
			children = (
				93556FBE2A8A590B00634D2F /* JHGithubClient */,
				93556FD52A8A590C00634D2F /* JHGithubClientTests */,
				93556FDF2A8A590C00634D2F /* JHGithubClientUITests */,
				93556FBD2A8A590B00634D2F /* Products */,
			);
			sourceTree = "<group>";
		};
		93556FBD2A8A590B00634D2F /* Products */ = {
			isa = PBXGroup;
			children = (
				93556FBC2A8A590B00634D2F /* JHGithubClient.app */,
				93556FD22A8A590C00634D2F /* JHGithubClientTests.xctest */,
				93556FDC2A8A590C00634D2F /* JHGithubClientUITests.xctest */,
			);
			name = Products;
			sourceTree = "<group>";
		};
		93556FBE2A8A590B00634D2F /* JHGithubClient */ = {
			isa = PBXGroup;
			children = (
				93556FEF2A8B4D1C00634D2F /* State */,
				93556FF02A8B4D6800634D2F /* Model */,
				93556FF12A8B4D6F00634D2F /* View */,
				935570002A8B70E600634D2F /* Utils */,
				93556FBF2A8A590B00634D2F /* AppDelegate.swift */,
				93556FC12A8A590B00634D2F /* SceneDelegate.swift */,
				93556FC82A8A590C00634D2F /* Assets.xcassets */,
				93556FCA2A8A590C00634D2F /* LaunchScreen.storyboard */,
				93556FCD2A8A590C00634D2F /* Info.plist */,
			);
			path = JHGithubClient;
			sourceTree = "<group>";
		};
		93556FD52A8A590C00634D2F /* JHGithubClientTests */ = {
			isa = PBXGroup;
			children = (
				93556FD62A8A590C00634D2F /* JHGithubClientTests.swift */,
				935570032A8B726000634D2F /* JLGithubClientListUserTest.swift */,
			);
			path = JHGithubClientTests;
			sourceTree = "<group>";
		};
		93556FDF2A8A590C00634D2F /* JHGithubClientUITests */ = {
			isa = PBXGroup;
			children = (
				93556FE02A8A590C00634D2F /* JHGithubClientUITests.swift */,
				93556FE22A8A590C00634D2F /* JHGithubClientUITestsLaunchTests.swift */,
			);
			path = JHGithubClientUITests;
			sourceTree = "<group>";
		};
		93556FEF2A8B4D1C00634D2F /* State */ = {
			isa = PBXGroup;
			children = (
				93556FFB2A8B508900634D2F /* Network */,
				93556FF22A8B4D9C00634D2F /* Store */,
			);
			path = State;
			sourceTree = "<group>";
		};
		93556FF02A8B4D6800634D2F /* Model */ = {
			isa = PBXGroup;
			children = (
				93B08A362A8DF87F00EE5856 /* ViewModel */,
				93556FF72A8B501E00634D2F /* User.swift */,
				93556FF92A8B505900634D2F /* GitHubUser.swift */,
				93B08A3B2A8DFA8400EE5856 /* GitHubRepo.swift */,
				93B08A392A8DF8D400EE5856 /* GitHubUserViewModel.swift */,
				93556FFC2A8B662A00634D2F /* GitHubUserList.swift */,
			);
			path = Model;
			sourceTree = "<group>";
		};
		93556FF12A8B4D6F00634D2F /* View */ = {
			isa = PBXGroup;
			children = (
				937B505B2A8CB31600667D5E /* Main */,
				935570072A8B98F800634D2F /* RootTab.swift */,
				937B50552A8BA52900667D5E /* LoginView.swift */,
				937B50572A8BB1AF00667D5E /* RootView.swift */,
				937B50642A8CBF5D00667D5E /* LoadingView.swift */,
			);
			path = View;
			sourceTree = "<group>";
		};
		93556FF22A8B4D9C00634D2F /* Store */ = {
			isa = PBXGroup;
			children = (
				93556FF32A8B4DC600634D2F /* Store.swift */,
				93556FF52A8B4E1300634D2F /* AppState.swift */,
				937B50592A8BB3C000667D5E /* AppAction.swift */,
				937B50602A8CBA1600667D5E /* AppCommand.swift */,
				937B50622A8CBC1F00667D5E /* AppError.swift */,
			);
			path = Store;
			sourceTree = "<group>";
		};
		93556FFB2A8B508900634D2F /* Network */ = {
			isa = PBXGroup;
			children = (
				93556FFE2A8B6EF200634D2F /* LoadUserListRequest.swift */,
				93B08A432A8E5FD400EE5856 /* LoadUserDetailRequest.swift */,
			);
			path = Network;
			sourceTree = "<group>";
		};
		935570002A8B70E600634D2F /* Utils */ = {
			isa = PBXGroup;
			children = (
				935570012A8B71C500634D2F /* Helpers.swift */,
				93B08A4C2A8F056D00EE5856 /* WebSafariView.swift */,
			);
			path = Utils;
			sourceTree = "<group>";
		};
		937B505B2A8CB31600667D5E /* Main */ = {
			isa = PBXGroup;
			children = (
				93B08A452A8E6D0D00EE5856 /* UserDetail */,
				937B505C2A8CB35000667D5E /* UsersView.swift */,
				937B505E2A8CB36400667D5E /* MeView.swift */,
				937B50692A8CD3CC00667D5E /* UserList.swift */,
				93B08A3F2A8E09CD00EE5856 /* UserCell.swift */,
			);
			path = Main;
			sourceTree = "<group>";
		};
		93B08A362A8DF87F00EE5856 /* ViewModel */ = {
			isa = PBXGroup;
			children = (
			);
			path = ViewModel;
			sourceTree = "<group>";
		};
		93B08A452A8E6D0D00EE5856 /* UserDetail */ = {
			isa = PBXGroup;
			children = (
				93B08A412A8E459300EE5856 /* UserDetail.swift */,
				93B08A482A8E6EE200EE5856 /* UserInfoCard.swift */,
				93B08A462A8E6D7D00EE5856 /* AvatartCard.swift */,
				93B08A4A2A8E6F1C00EE5856 /* RepoCell.swift */,
			);
			path = UserDetail;
			sourceTree = "<group>";
		};
/* End PBXGroup section */

/* Begin PBXNativeTarget section */
		93556FBB2A8A590B00634D2F /* JHGithubClient */ = {
			isa = PBXNativeTarget;
			buildConfigurationList = 93556FE62A8A590C00634D2F /* Build configuration list for PBXNativeTarget "JHGithubClient" */;
			buildPhases = (
				93556FB82A8A590B00634D2F /* Sources */,
				93556FB92A8A590B00634D2F /* Frameworks */,
				93556FBA2A8A590B00634D2F /* Resources */,
			);
			buildRules = (
			);
			dependencies = (
			);
			name = JHGithubClient;
			packageProductDependencies = (
				937B50672A8CD35600667D5E /* Kingfisher */,
			);
			productName = JHGithubClient;
			productReference = 93556FBC2A8A590B00634D2F /* JHGithubClient.app */;
			productType = "com.apple.product-type.application";
		};
		93556FD12A8A590C00634D2F /* JHGithubClientTests */ = {
			isa = PBXNativeTarget;
			buildConfigurationList = 93556FE92A8A590C00634D2F /* Build configuration list for PBXNativeTarget "JHGithubClientTests" */;
			buildPhases = (
				93556FCE2A8A590C00634D2F /* Sources */,
				93556FCF2A8A590C00634D2F /* Frameworks */,
				93556FD02A8A590C00634D2F /* Resources */,
			);
			buildRules = (
			);
			dependencies = (
				93556FD42A8A590C00634D2F /* PBXTargetDependency */,
			);
			name = JHGithubClientTests;
			productName = JHGithubClientTests;
			productReference = 93556FD22A8A590C00634D2F /* JHGithubClientTests.xctest */;
			productType = "com.apple.product-type.bundle.unit-test";
		};
		93556FDB2A8A590C00634D2F /* JHGithubClientUITests */ = {
			isa = PBXNativeTarget;
			buildConfigurationList = 93556FEC2A8A590C00634D2F /* Build configuration list for PBXNativeTarget "JHGithubClientUITests" */;
			buildPhases = (
				93556FD82A8A590C00634D2F /* Sources */,
				93556FD92A8A590C00634D2F /* Frameworks */,
				93556FDA2A8A590C00634D2F /* Resources */,
			);
			buildRules = (
			);
			dependencies = (
				93556FDE2A8A590C00634D2F /* PBXTargetDependency */,
			);
			name = JHGithubClientUITests;
			productName = JHGithubClientUITests;
			productReference = 93556FDC2A8A590C00634D2F /* JHGithubClientUITests.xctest */;
			productType = "com.apple.product-type.bundle.ui-testing";
		};
/* End PBXNativeTarget section */

/* Begin PBXProject section */
		93556FB42A8A590B00634D2F /* Project object */ = {
			isa = PBXProject;
			attributes = {
				BuildIndependentTargetsInParallel = 1;
				LastSwiftUpdateCheck = 1430;
				LastUpgradeCheck = 1430;
				TargetAttributes = {
					93556FBB2A8A590B00634D2F = {
						CreatedOnToolsVersion = 14.3.1;
					};
					93556FD12A8A590C00634D2F = {
						CreatedOnToolsVersion = 14.3.1;
						TestTargetID = 93556FBB2A8A590B00634D2F;
					};
					93556FDB2A8A590C00634D2F = {
						CreatedOnToolsVersion = 14.3.1;
						TestTargetID = 93556FBB2A8A590B00634D2F;
					};
				};
			};
			buildConfigurationList = 93556FB72A8A590B00634D2F /* Build configuration list for PBXProject "JHGithubClient" */;
			compatibilityVersion = "Xcode 14.0";
			developmentRegion = en;
			hasScannedForEncodings = 0;
			knownRegions = (
				en,
				Base,
			);
			mainGroup = 93556FB32A8A590B00634D2F;
			packageReferences = (
				937B50662A8CD35600667D5E /* XCRemoteSwiftPackageReference "Kingfisher" */,
			);
			productRefGroup = 93556FBD2A8A590B00634D2F /* Products */;
			projectDirPath = "";
			projectRoot = "";
			targets = (
				93556FBB2A8A590B00634D2F /* JHGithubClient */,
				93556FD12A8A590C00634D2F /* JHGithubClientTests */,
				93556FDB2A8A590C00634D2F /* JHGithubClientUITests */,
			);
		};
/* End PBXProject section */

/* Begin PBXResourcesBuildPhase section */
		93556FBA2A8A590B00634D2F /* Resources */ = {
			isa = PBXResourcesBuildPhase;
			buildActionMask = 2147483647;
			files = (
				93556FCC2A8A590C00634D2F /* LaunchScreen.storyboard in Resources */,
				93556FC92A8A590C00634D2F /* Assets.xcassets in Resources */,
			);
			runOnlyForDeploymentPostprocessing = 0;
		};
		93556FD02A8A590C00634D2F /* Resources */ = {
			isa = PBXResourcesBuildPhase;
			buildActionMask = 2147483647;
			files = (
			);
			runOnlyForDeploymentPostprocessing = 0;
		};
		93556FDA2A8A590C00634D2F /* Resources */ = {
			isa = PBXResourcesBuildPhase;
			buildActionMask = 2147483647;
			files = (
			);
			runOnlyForDeploymentPostprocessing = 0;
		};
/* End PBXResourcesBuildPhase section */

/* Begin PBXSourcesBuildPhase section */
		93556FB82A8A590B00634D2F /* Sources */ = {
			isa = PBXSourcesBuildPhase;
			buildActionMask = 2147483647;
			files = (
				937B505A2A8BB3C000667D5E /* AppAction.swift in Sources */,
				93B08A442A8E5FD400EE5856 /* LoadUserDetailRequest.swift in Sources */,
				93556FFF2A8B6EF200634D2F /* LoadUserListRequest.swift in Sources */,
				93556FF62A8B4E1300634D2F /* AppState.swift in Sources */,
				935570022A8B71C500634D2F /* Helpers.swift in Sources */,
				93B08A4B2A8E6F1C00EE5856 /* RepoCell.swift in Sources */,
				937B50632A8CBC1F00667D5E /* AppError.swift in Sources */,
				93556FF82A8B501E00634D2F /* User.swift in Sources */,
				937B505D2A8CB35000667D5E /* UsersView.swift in Sources */,
				93B08A492A8E6EE200EE5856 /* UserInfoCard.swift in Sources */,
				93556FC02A8A590B00634D2F /* AppDelegate.swift in Sources */,
				93B08A472A8E6D7D00EE5856 /* AvatartCard.swift in Sources */,
				93B08A422A8E459300EE5856 /* UserDetail.swift in Sources */,
				93556FFA2A8B505900634D2F /* GitHubUser.swift in Sources */,
				93556FFD2A8B662A00634D2F /* GitHubUserList.swift in Sources */,
				93B08A3A2A8DF8D400EE5856 /* GitHubUserViewModel.swift in Sources */,
				937B505F2A8CB36400667D5E /* MeView.swift in Sources */,
				93556FC22A8A590B00634D2F /* SceneDelegate.swift in Sources */,
				937B50612A8CBA1600667D5E /* AppCommand.swift in Sources */,
				937B50582A8BB1AF00667D5E /* RootView.swift in Sources */,
				937B50562A8BA52900667D5E /* LoginView.swift in Sources */,
				93B08A3C2A8DFA8400EE5856 /* GitHubRepo.swift in Sources */,
				93556FF42A8B4DC600634D2F /* Store.swift in Sources */,
				935570082A8B98F800634D2F /* RootTab.swift in Sources */,
				937B506A2A8CD3CC00667D5E /* UserList.swift in Sources */,
				93B08A4D2A8F056D00EE5856 /* WebSafariView.swift in Sources */,
				93B08A402A8E09CD00EE5856 /* UserCell.swift in Sources */,
				937B50652A8CBF5D00667D5E /* LoadingView.swift in Sources */,
			);
			runOnlyForDeploymentPostprocessing = 0;
		};
		93556FCE2A8A590C00634D2F /* Sources */ = {
			isa = PBXSourcesBuildPhase;
			buildActionMask = 2147483647;
			files = (
				935570042A8B726000634D2F /* JLGithubClientListUserTest.swift in Sources */,
				93556FD72A8A590C00634D2F /* JHGithubClientTests.swift in Sources */,
			);
			runOnlyForDeploymentPostprocessing = 0;
		};
		93556FD82A8A590C00634D2F /* Sources */ = {
			isa = PBXSourcesBuildPhase;
			buildActionMask = 2147483647;
			files = (
				93556FE32A8A590C00634D2F /* JHGithubClientUITestsLaunchTests.swift in Sources */,
				93556FE12A8A590C00634D2F /* JHGithubClientUITests.swift in Sources */,
			);
			runOnlyForDeploymentPostprocessing = 0;
		};
/* End PBXSourcesBuildPhase section */

/* Begin PBXTargetDependency section */
		93556FD42A8A590C00634D2F /* PBXTargetDependency */ = {
			isa = PBXTargetDependency;
			target = 93556FBB2A8A590B00634D2F /* JHGithubClient */;
			targetProxy = 93556FD32A8A590C00634D2F /* PBXContainerItemProxy */;
		};
		93556FDE2A8A590C00634D2F /* PBXTargetDependency */ = {
			isa = PBXTargetDependency;
			target = 93556FBB2A8A590B00634D2F /* JHGithubClient */;
			targetProxy = 93556FDD2A8A590C00634D2F /* PBXContainerItemProxy */;
		};
/* End PBXTargetDependency section */

/* Begin PBXVariantGroup section */
		93556FCA2A8A590C00634D2F /* LaunchScreen.storyboard */ = {
			isa = PBXVariantGroup;
			children = (
				93556FCB2A8A590C00634D2F /* Base */,
			);
			name = LaunchScreen.storyboard;
			sourceTree = "<group>";
		};
/* End PBXVariantGroup section */

/* Begin XCBuildConfiguration section */
		93556FE42A8A590C00634D2F /* Debug */ = {
			isa = XCBuildConfiguration;
			buildSettings = {
				ALWAYS_SEARCH_USER_PATHS = NO;
				CLANG_ANALYZER_NONNULL = YES;
				CLANG_ANALYZER_NUMBER_OBJECT_CONVERSION = YES_AGGRESSIVE;
				CLANG_CXX_LANGUAGE_STANDARD = "gnu++20";
				CLANG_ENABLE_MODULES = YES;
				CLANG_ENABLE_OBJC_ARC = YES;
				CLANG_ENABLE_OBJC_WEAK = YES;
				CLANG_WARN_BLOCK_CAPTURE_AUTORELEASING = YES;
				CLANG_WARN_BOOL_CONVERSION = YES;
				CLANG_WARN_COMMA = YES;
				CLANG_WARN_CONSTANT_CONVERSION = YES;
				CLANG_WARN_DEPRECATED_OBJC_IMPLEMENTATIONS = YES;
				CLANG_WARN_DIRECT_OBJC_ISA_USAGE = YES_ERROR;
				CLANG_WARN_DOCUMENTATION_COMMENTS = YES;
				CLANG_WARN_EMPTY_BODY = YES;
				CLANG_WARN_ENUM_CONVERSION = YES;
				CLANG_WARN_INFINITE_RECURSION = YES;
				CLANG_WARN_INT_CONVERSION = YES;
				CLANG_WARN_NON_LITERAL_NULL_CONVERSION = YES;
				CLANG_WARN_OBJC_IMPLICIT_RETAIN_SELF = YES;
				CLANG_WARN_OBJC_LITERAL_CONVERSION = YES;
				CLANG_WARN_OBJC_ROOT_CLASS = YES_ERROR;
				CLANG_WARN_QUOTED_INCLUDE_IN_FRAMEWORK_HEADER = YES;
				CLANG_WARN_RANGE_LOOP_ANALYSIS = YES;
				CLANG_WARN_STRICT_PROTOTYPES = YES;
				CLANG_WARN_SUSPICIOUS_MOVE = YES;
				CLANG_WARN_UNGUARDED_AVAILABILITY = YES_AGGRESSIVE;
				CLANG_WARN_UNREACHABLE_CODE = YES;
				CLANG_WARN__DUPLICATE_METHOD_MATCH = YES;
				COPY_PHASE_STRIP = NO;
				DEBUG_INFORMATION_FORMAT = dwarf;
				ENABLE_STRICT_OBJC_MSGSEND = YES;
				ENABLE_TESTABILITY = YES;
				GCC_C_LANGUAGE_STANDARD = gnu11;
				GCC_DYNAMIC_NO_PIC = NO;
				GCC_NO_COMMON_BLOCKS = YES;
				GCC_OPTIMIZATION_LEVEL = 0;
				GCC_PREPROCESSOR_DEFINITIONS = (
					"DEBUG=1",
					"$(inherited)",
				);
				GCC_WARN_64_TO_32_BIT_CONVERSION = YES;
				GCC_WARN_ABOUT_RETURN_TYPE = YES_ERROR;
				GCC_WARN_UNDECLARED_SELECTOR = YES;
				GCC_WARN_UNINITIALIZED_AUTOS = YES_AGGRESSIVE;
				GCC_WARN_UNUSED_FUNCTION = YES;
				GCC_WARN_UNUSED_VARIABLE = YES;
				IPHONEOS_DEPLOYMENT_TARGET = 16.4;
				MTL_ENABLE_DEBUG_INFO = INCLUDE_SOURCE;
				MTL_FAST_MATH = YES;
				ONLY_ACTIVE_ARCH = YES;
				SDKROOT = iphoneos;
				SWIFT_ACTIVE_COMPILATION_CONDITIONS = DEBUG;
				SWIFT_OPTIMIZATION_LEVEL = "-Onone";
			};
			name = Debug;
		};
		93556FE52A8A590C00634D2F /* Release */ = {
			isa = XCBuildConfiguration;
			buildSettings = {
				ALWAYS_SEARCH_USER_PATHS = NO;
				CLANG_ANALYZER_NONNULL = YES;
				CLANG_ANALYZER_NUMBER_OBJECT_CONVERSION = YES_AGGRESSIVE;
				CLANG_CXX_LANGUAGE_STANDARD = "gnu++20";
				CLANG_ENABLE_MODULES = YES;
				CLANG_ENABLE_OBJC_ARC = YES;
				CLANG_ENABLE_OBJC_WEAK = YES;
				CLANG_WARN_BLOCK_CAPTURE_AUTORELEASING = YES;
				CLANG_WARN_BOOL_CONVERSION = YES;
				CLANG_WARN_COMMA = YES;
				CLANG_WARN_CONSTANT_CONVERSION = YES;
				CLANG_WARN_DEPRECATED_OBJC_IMPLEMENTATIONS = YES;
				CLANG_WARN_DIRECT_OBJC_ISA_USAGE = YES_ERROR;
				CLANG_WARN_DOCUMENTATION_COMMENTS = YES;
				CLANG_WARN_EMPTY_BODY = YES;
				CLANG_WARN_ENUM_CONVERSION = YES;
				CLANG_WARN_INFINITE_RECURSION = YES;
				CLANG_WARN_INT_CONVERSION = YES;
				CLANG_WARN_NON_LITERAL_NULL_CONVERSION = YES;
				CLANG_WARN_OBJC_IMPLICIT_RETAIN_SELF = YES;
				CLANG_WARN_OBJC_LITERAL_CONVERSION = YES;
				CLANG_WARN_OBJC_ROOT_CLASS = YES_ERROR;
				CLANG_WARN_QUOTED_INCLUDE_IN_FRAMEWORK_HEADER = YES;
				CLANG_WARN_RANGE_LOOP_ANALYSIS = YES;
				CLANG_WARN_STRICT_PROTOTYPES = YES;
				CLANG_WARN_SUSPICIOUS_MOVE = YES;
				CLANG_WARN_UNGUARDED_AVAILABILITY = YES_AGGRESSIVE;
				CLANG_WARN_UNREACHABLE_CODE = YES;
				CLANG_WARN__DUPLICATE_METHOD_MATCH = YES;
				COPY_PHASE_STRIP = NO;
				DEBUG_INFORMATION_FORMAT = "dwarf-with-dsym";
				ENABLE_NS_ASSERTIONS = NO;
				ENABLE_STRICT_OBJC_MSGSEND = YES;
				GCC_C_LANGUAGE_STANDARD = gnu11;
				GCC_NO_COMMON_BLOCKS = YES;
				GCC_WARN_64_TO_32_BIT_CONVERSION = YES;
				GCC_WARN_ABOUT_RETURN_TYPE = YES_ERROR;
				GCC_WARN_UNDECLARED_SELECTOR = YES;
				GCC_WARN_UNINITIALIZED_AUTOS = YES_AGGRESSIVE;
				GCC_WARN_UNUSED_FUNCTION = YES;
				GCC_WARN_UNUSED_VARIABLE = YES;
				IPHONEOS_DEPLOYMENT_TARGET = 16.4;
				MTL_ENABLE_DEBUG_INFO = NO;
				MTL_FAST_MATH = YES;
				SDKROOT = iphoneos;
				SWIFT_COMPILATION_MODE = wholemodule;
				SWIFT_OPTIMIZATION_LEVEL = "-O";
				VALIDATE_PRODUCT = YES;
			};
			name = Release;
		};
		93556FE72A8A590C00634D2F /* Debug */ = {
			isa = XCBuildConfiguration;
			buildSettings = {
				ASSETCATALOG_COMPILER_APPICON_NAME = AppIcon;
				ASSETCATALOG_COMPILER_GLOBAL_ACCENT_COLOR_NAME = AccentColor;
				CODE_SIGN_STYLE = Automatic;
				CURRENT_PROJECT_VERSION = 1;
				DEVELOPMENT_TEAM = 94V8DBZ242;
				GENERATE_INFOPLIST_FILE = YES;
				INFOPLIST_FILE = JHGithubClient/Info.plist;
				INFOPLIST_KEY_UIApplicationSupportsIndirectInputEvents = YES;
				INFOPLIST_KEY_UILaunchStoryboardName = LaunchScreen;
				INFOPLIST_KEY_UISupportedInterfaceOrientations = UIInterfaceOrientationPortrait;
				INFOPLIST_KEY_UISupportedInterfaceOrientations_iPad = "UIInterfaceOrientationLandscapeLeft UIInterfaceOrientationLandscapeRight UIInterfaceOrientationPortrait UIInterfaceOrientationPortraitUpsideDown";
				IPHONEOS_DEPLOYMENT_TARGET = 16.0;
				LD_RUNPATH_SEARCH_PATHS = (
					"$(inherited)",
					"@executable_path/Frameworks",
				);
				MARKETING_VERSION = 1.0;
				PRODUCT_BUNDLE_IDENTIFIER = com.github.JHGithubClient;
				PRODUCT_NAME = "$(TARGET_NAME)";
				SWIFT_EMIT_LOC_STRINGS = YES;
				SWIFT_VERSION = 5.0;
				TARGETED_DEVICE_FAMILY = "1,2";
			};
			name = Debug;
		};
		93556FE82A8A590C00634D2F /* Release */ = {
			isa = XCBuildConfiguration;
			buildSettings = {
				ASSETCATALOG_COMPILER_APPICON_NAME = AppIcon;
				ASSETCATALOG_COMPILER_GLOBAL_ACCENT_COLOR_NAME = AccentColor;
				CODE_SIGN_STYLE = Automatic;
				CURRENT_PROJECT_VERSION = 1;
				DEVELOPMENT_TEAM = 94V8DBZ242;
				GENERATE_INFOPLIST_FILE = YES;
				INFOPLIST_FILE = JHGithubClient/Info.plist;
				INFOPLIST_KEY_UIApplicationSupportsIndirectInputEvents = YES;
				INFOPLIST_KEY_UILaunchStoryboardName = LaunchScreen;
				INFOPLIST_KEY_UISupportedInterfaceOrientations = UIInterfaceOrientationPortrait;
				INFOPLIST_KEY_UISupportedInterfaceOrientations_iPad = "UIInterfaceOrientationLandscapeLeft UIInterfaceOrientationLandscapeRight UIInterfaceOrientationPortrait UIInterfaceOrientationPortraitUpsideDown";
				IPHONEOS_DEPLOYMENT_TARGET = 16.0;
				LD_RUNPATH_SEARCH_PATHS = (
					"$(inherited)",
					"@executable_path/Frameworks",
				);
				MARKETING_VERSION = 1.0;
				PRODUCT_BUNDLE_IDENTIFIER = com.github.JHGithubClient;
				PRODUCT_NAME = "$(TARGET_NAME)";
				SWIFT_EMIT_LOC_STRINGS = YES;
				SWIFT_VERSION = 5.0;
				TARGETED_DEVICE_FAMILY = "1,2";
			};
			name = Release;
		};
		93556FEA2A8A590C00634D2F /* Debug */ = {
			isa = XCBuildConfiguration;
			buildSettings = {
				ALWAYS_EMBED_SWIFT_STANDARD_LIBRARIES = YES;
				BUNDLE_LOADER = "$(TEST_HOST)";
				CODE_SIGN_STYLE = Automatic;
				CURRENT_PROJECT_VERSION = 1;
				DEVELOPMENT_TEAM = 94V8DBZ242;
				GENERATE_INFOPLIST_FILE = YES;
				IPHONEOS_DEPLOYMENT_TARGET = 16.4;
				MARKETING_VERSION = 1.0;
				PRODUCT_BUNDLE_IDENTIFIER = com.github.JHGithubClientTests;
				PRODUCT_NAME = "$(TARGET_NAME)";
				SWIFT_EMIT_LOC_STRINGS = NO;
				SWIFT_VERSION = 5.0;
				TARGETED_DEVICE_FAMILY = "1,2";
				TEST_HOST = "$(BUILT_PRODUCTS_DIR)/JHGithubClient.app/$(BUNDLE_EXECUTABLE_FOLDER_PATH)/JHGithubClient";
			};
			name = Debug;
		};
		93556FEB2A8A590C00634D2F /* Release */ = {
			isa = XCBuildConfiguration;
			buildSettings = {
				ALWAYS_EMBED_SWIFT_STANDARD_LIBRARIES = YES;
				BUNDLE_LOADER = "$(TEST_HOST)";
				CODE_SIGN_STYLE = Automatic;
				CURRENT_PROJECT_VERSION = 1;
				DEVELOPMENT_TEAM = 94V8DBZ242;
				GENERATE_INFOPLIST_FILE = YES;
				IPHONEOS_DEPLOYMENT_TARGET = 16.4;
				MARKETING_VERSION = 1.0;
				PRODUCT_BUNDLE_IDENTIFIER = com.github.JHGithubClientTests;
				PRODUCT_NAME = "$(TARGET_NAME)";
				SWIFT_EMIT_LOC_STRINGS = NO;
				SWIFT_VERSION = 5.0;
				TARGETED_DEVICE_FAMILY = "1,2";
				TEST_HOST = "$(BUILT_PRODUCTS_DIR)/JHGithubClient.app/$(BUNDLE_EXECUTABLE_FOLDER_PATH)/JHGithubClient";
			};
			name = Release;
		};
		93556FED2A8A590C00634D2F /* Debug */ = {
			isa = XCBuildConfiguration;
			buildSettings = {
				ALWAYS_EMBED_SWIFT_STANDARD_LIBRARIES = YES;
				CODE_SIGN_STYLE = Automatic;
				CURRENT_PROJECT_VERSION = 1;
				DEVELOPMENT_TEAM = 94V8DBZ242;
				GENERATE_INFOPLIST_FILE = YES;
				MARKETING_VERSION = 1.0;
				PRODUCT_BUNDLE_IDENTIFIER = com.github.JHGithubClientUITests;
				PRODUCT_NAME = "$(TARGET_NAME)";
				SWIFT_EMIT_LOC_STRINGS = NO;
				SWIFT_VERSION = 5.0;
				TARGETED_DEVICE_FAMILY = "1,2";
				TEST_TARGET_NAME = JHGithubClient;
			};
			name = Debug;
		};
		93556FEE2A8A590C00634D2F /* Release */ = {
			isa = XCBuildConfiguration;
			buildSettings = {
				ALWAYS_EMBED_SWIFT_STANDARD_LIBRARIES = YES;
				CODE_SIGN_STYLE = Automatic;
				CURRENT_PROJECT_VERSION = 1;
				DEVELOPMENT_TEAM = 94V8DBZ242;
				GENERATE_INFOPLIST_FILE = YES;
				MARKETING_VERSION = 1.0;
				PRODUCT_BUNDLE_IDENTIFIER = com.github.JHGithubClientUITests;
				PRODUCT_NAME = "$(TARGET_NAME)";
				SWIFT_EMIT_LOC_STRINGS = NO;
				SWIFT_VERSION = 5.0;
				TARGETED_DEVICE_FAMILY = "1,2";
				TEST_TARGET_NAME = JHGithubClient;
			};
			name = Release;
		};
/* End XCBuildConfiguration section */

/* Begin XCConfigurationList section */
		93556FB72A8A590B00634D2F /* Build configuration list for PBXProject "JHGithubClient" */ = {
			isa = XCConfigurationList;
			buildConfigurations = (
				93556FE42A8A590C00634D2F /* Debug */,
				93556FE52A8A590C00634D2F /* Release */,
			);
			defaultConfigurationIsVisible = 0;
			defaultConfigurationName = Release;
		};
		93556FE62A8A590C00634D2F /* Build configuration list for PBXNativeTarget "JHGithubClient" */ = {
			isa = XCConfigurationList;
			buildConfigurations = (
				93556FE72A8A590C00634D2F /* Debug */,
				93556FE82A8A590C00634D2F /* Release */,
			);
			defaultConfigurationIsVisible = 0;
			defaultConfigurationName = Release;
		};
		93556FE92A8A590C00634D2F /* Build configuration list for PBXNativeTarget "JHGithubClientTests" */ = {
			isa = XCConfigurationList;
			buildConfigurations = (
				93556FEA2A8A590C00634D2F /* Debug */,
				93556FEB2A8A590C00634D2F /* Release */,
			);
			defaultConfigurationIsVisible = 0;
			defaultConfigurationName = Release;
		};
		93556FEC2A8A590C00634D2F /* Build configuration list for PBXNativeTarget "JHGithubClientUITests" */ = {
			isa = XCConfigurationList;
			buildConfigurations = (
				93556FED2A8A590C00634D2F /* Debug */,
				93556FEE2A8A590C00634D2F /* Release */,
			);
			defaultConfigurationIsVisible = 0;
			defaultConfigurationName = Release;
		};
/* End XCConfigurationList section */

/* Begin XCRemoteSwiftPackageReference section */
		937B50662A8CD35600667D5E /* XCRemoteSwiftPackageReference "Kingfisher" */ = {
			isa = XCRemoteSwiftPackageReference;
			repositoryURL = "https://github.com/onevcat/Kingfisher.git";
			requirement = {
				kind = upToNextMajorVersion;
				minimumVersion = 7.0.0;
			};
		};
/* End XCRemoteSwiftPackageReference section */

/* Begin XCSwiftPackageProductDependency section */
		937B50672A8CD35600667D5E /* Kingfisher */ = {
			isa = XCSwiftPackageProductDependency;
			package = 937B50662A8CD35600667D5E /* XCRemoteSwiftPackageReference "Kingfisher" */;
			productName = Kingfisher;
		};
/* End XCSwiftPackageProductDependency section */
	};
	rootObject = 93556FB42A8A590B00634D2F /* Project object */;
}
